
Microsoft Visual Studio Solution File, Format Version 12.00
# Visual Studio 15
Project("{FAE04EC0-301F-11D3-BF4B-00C04F79EFBC}") = "UnityEngine.UI", "UnityEngine.UI.csproj", "{5114E9B7-3B60-A0B0-C76F-DD7A2DA46C7B}"
EndProject
Project("{FAE04EC0-301F-11D3-BF4B-00C04F79EFBC}") = "UnityEngine.TestRunner", "UnityEngine.TestRunner.csproj", "{C02AFC7A-DEDA-6FA7-ACB0-4E0440D7B16D}"
EndProject
Project("{FAE04EC0-301F-11D3-BF4B-00C04F79EFBC}") = "Unity.Timeline", "Unity.Timeline.csproj", "{20CC7308-E9EF-2A01-1BCA-34C5C9090773}"
EndProject
Project("{FAE04EC0-301F-11D3-BF4B-00C04F79EFBC}") = "Unity.TextMeshPro", "Unity.TextMeshPro.csproj", "{7BE418C0-381A-D08D-A742-2894F67409CF}"
EndProject
Project("{FAE04EC0-301F-11D3-BF4B-00C04F79EFBC}") = "Assembly-CSharp", "Assembly-CSharp.csproj", "{51549807-7F9B-42B5-C317-6FEC687EE6A5}"
EndProject
Project("{FAE04EC0-301F-11D3-BF4B-00C04F79EFBC}") = "Unity.VisualEffectGraph.Runtime", "Unity.VisualEffectGraph.Runtime.csproj", "{9C74BE64-AFF9-66D0-2E9D-BC2C68BE3DC2}"
EndProject
Project("{FAE04EC0-301F-11D3-BF4B-00C04F79EFBC}") = "Unity.RenderPipelines.Core.Runtime", "Unity.RenderPipelines.Core.Runtime.csproj", "{CC15706B-5789-D8D8-85AD-DF7B57983CAC}"
EndProject
Project("{FAE04EC0-301F-11D3-BF4B-00C04F79EFBC}") = "Unity.RenderPipelines.Core.ShaderLibrary", "Unity.RenderPipelines.Core.ShaderLibrary.csproj", "{8D5EA1FC-A780-829E-F04D-7027D02284B9}"
EndProject
Project("{FAE04EC0-301F-11D3-BF4B-00C04F79EFBC}") = "Unity.RenderPipelines.ShaderGraph.ShaderGraphLibrary", "Unity.RenderPipelines.ShaderGraph.ShaderGraphLibrary.csproj", "{FA3E9046-FE77-E593-5133-6D8D1CC74591}"
EndProject
Project("{FAE04EC0-301F-11D3-BF4B-00C04F79EFBC}") = "UnityEditor.TestRunner", "UnityEditor.TestRunner.csproj", "{21C129D6-88F5-556F-CEE9-1FEA21FD9A16}"
EndProject
Project("{FAE04EC0-301F-11D3-BF4B-00C04F79EFBC}") = "UnityEditor.UI", "UnityEditor.UI.csproj", "{DA28C1D8-8ACE-BB3E-7C5F-0EDDF20560AE}"
EndProject
Project("{FAE04EC0-301F-11D3-BF4B-00C04F79EFBC}") = "Unity.Timeline.Editor", "Unity.Timeline.Editor.csproj", "{5E4686C7-6FB5-E6BB-21C3-C3F03BB60487}"
EndProject
Project("{FAE04EC0-301F-11D3-BF4B-00C04F79EFBC}") = "Unity.VisualStudio.Editor", "Unity.VisualStudio.Editor.csproj", "{7394FD4F-F6A4-D26C-3EE8-06D9479A3D84}"
EndProject
Project("{FAE04EC0-301F-11D3-BF4B-00C04F79EFBC}") = "Unity.TextMeshPro.Editor", "Unity.TextMeshPro.Editor.csproj", "{67F31525-59A6-E876-1166-B865157E57C3}"
EndProject
Project("{FAE04EC0-301F-11D3-BF4B-00C04F79EFBC}") = "Unity.CollabProxy.Editor", "Unity.CollabProxy.Editor.csproj", "{FC9E5B86-A142-FA43-BC8E-0FE06E14EC7E}"
EndProject
Project("{FAE04EC0-301F-11D3-BF4B-00C04F79EFBC}") = "Unity.Rider.Editor", "Unity.Rider.Editor.csproj", "{CE3E151C-2525-4A75-7ECC-69104290DE82}"
EndProject
Project("{FAE04EC0-301F-11D3-BF4B-00C04F79EFBC}") = "Unity.VSCode.Editor", "Unity.VSCode.Editor.csproj", "{E29871AA-D216-616B-1BD4-98E62D063C9D}"
EndProject
Project("{FAE04EC0-301F-11D3-BF4B-00C04F79EFBC}") = "Unity.ShaderGraph.Editor", "Unity.ShaderGraph.Editor.csproj", "{54FC6C82-CD19-1726-752B-1E77D95853CE}"
EndProject
Project("{FAE04EC0-301F-11D3-BF4B-00C04F79EFBC}") = "Unity.VisualEffectGraph.Editor", "Unity.VisualEffectGraph.Editor.csproj", "{4BAB03D6-6D3F-0C3F-394D-FB32D37703F3}"
EndProject
Project("{FAE04EC0-301F-11D3-BF4B-00C04F79EFBC}") = "Unity.RenderPipelines.Core.Editor", "Unity.RenderPipelines.Core.Editor.csproj", "{05BA64CA-87AE-1DE0-2D17-2F4C9ECB93E8}"
EndProject
Project("{FAE04EC0-301F-11D3-BF4B-00C04F79EFBC}") = "Unity.ShaderGraph.Utilities", "Unity.ShaderGraph.Utilities.csproj", "{8F1E5233-9C8E-F5B2-2700-2AB1F3C8D7B3}"
EndProject
Project("{FAE04EC0-301F-11D3-BF4B-00C04F79EFBC}") = "Unity.Searcher.Editor", "Unity.Searcher.Editor.csproj", "{FDA005F6-24BE-55E0-F599-C40836D760B5}"
EndProject
Project("{FAE04EC0-301F-11D3-BF4B-00C04F79EFBC}") = "UnityEngine.UI", "UnityEngine.UI.Player.csproj", "{EF3B49B5-48ED-1585-87C2-D7BF8B85DC96}"
EndProject
Project("{FAE04EC0-301F-11D3-BF4B-00C04F79EFBC}") = "UnityEngine.TestRunner", "UnityEngine.TestRunner.Player.csproj", "{E7B3D014-3C00-4010-89C6-24FF6FFDA676}"
EndProject
Project("{FAE04EC0-301F-11D3-BF4B-00C04F79EFBC}") = "Unity.Timeline", "Unity.Timeline.Player.csproj", "{CC19B604-7FD1-93C1-74D4-CB3A7B776E54}"
EndProject
Project("{FAE04EC0-301F-11D3-BF4B-00C04F79EFBC}") = "Unity.TextMeshPro", "Unity.TextMeshPro.Player.csproj", "{A17F050E-41AD-198B-BBC0-11911625CA79}"
EndProject
Project("{FAE04EC0-301F-11D3-BF4B-00C04F79EFBC}") = "Assembly-CSharp", "Assembly-CSharp.Player.csproj", "{49BD24D5-0A83-3E01-EACB-8238DD637220}"
EndProject
Project("{FAE04EC0-301F-11D3-BF4B-00C04F79EFBC}") = "Unity.VisualEffectGraph.Runtime", "Unity.VisualEffectGraph.Runtime.Player.csproj", "{F9991003-EB4F-12AD-ACB2-1A35AFC562E6}"
EndProject
Project("{FAE04EC0-301F-11D3-BF4B-00C04F79EFBC}") = "Unity.RenderPipelines.Core.Runtime", "Unity.RenderPipelines.Core.Runtime.Player.csproj", "{1EDE4284-CED0-17B0-EBD1-D6E5B12D85DC}"
EndProject
Project("{FAE04EC0-301F-11D3-BF4B-00C04F79EFBC}") = "Unity.RenderPipelines.Core.ShaderLibrary", "Unity.RenderPipelines.Core.ShaderLibrary.Player.csproj", "{76B4D63C-878A-5F22-BA97-878CD5C1E73E}"
EndProject
Project("{FAE04EC0-301F-11D3-BF4B-00C04F79EFBC}") = "Unity.RenderPipelines.ShaderGraph.ShaderGraphLibrary", "Unity.RenderPipelines.ShaderGraph.ShaderGraphLibrary.Player.csproj", "{DD4A74F4-9AE4-31DA-01D0-FA8E59D32D17}"
EndProject
Global
	GlobalSection(SolutionConfigurationPlatforms) = preSolution
		Debug|Any CPU = Debug|Any CPU
		Release|Any CPU = Release|Any CPU
	EndGlobalSection
	GlobalSection(ProjectConfigurationPlatforms) = postSolution
		{5114E9B7-3B60-A0B0-C76F-DD7A2DA46C7B}.Debug|Any CPU.ActiveCfg = Debug|Any CPU
		{5114E9B7-3B60-A0B0-C76F-DD7A2DA46C7B}.Debug|Any CPU.Build.0 = Debug|Any CPU
		{5114E9B7-3B60-A0B0-C76F-DD7A2DA46C7B}.Release|Any CPU.ActiveCfg = Release|Any CPU
		{5114E9B7-3B60-A0B0-C76F-DD7A2DA46C7B}.Release|Any CPU.Build.0 = Release|Any CPU
		{C02AFC7A-DEDA-6FA7-ACB0-4E0440D7B16D}.Debug|Any CPU.ActiveCfg = Debug|Any CPU
		{C02AFC7A-DEDA-6FA7-ACB0-4E0440D7B16D}.Debug|Any CPU.Build.0 = Debug|Any CPU
		{C02AFC7A-DEDA-6FA7-ACB0-4E0440D7B16D}.Release|Any CPU.ActiveCfg = Release|Any CPU
		{C02AFC7A-DEDA-6FA7-ACB0-4E0440D7B16D}.Release|Any CPU.Build.0 = Release|Any CPU
		{20CC7308-E9EF-2A01-1BCA-34C5C9090773}.Debug|Any CPU.ActiveCfg = Debug|Any CPU
		{20CC7308-E9EF-2A01-1BCA-34C5C9090773}.Debug|Any CPU.Build.0 = Debug|Any CPU
		{20CC7308-E9EF-2A01-1BCA-34C5C9090773}.Release|Any CPU.ActiveCfg = Release|Any CPU
		{20CC7308-E9EF-2A01-1BCA-34C5C9090773}.Release|Any CPU.Build.0 = Release|Any CPU
		{7BE418C0-381A-D08D-A742-2894F67409CF}.Debug|Any CPU.ActiveCfg = Debug|Any CPU
		{7BE418C0-381A-D08D-A742-2894F67409CF}.Debug|Any CPU.Build.0 = Debug|Any CPU
		{7BE418C0-381A-D08D-A742-2894F67409CF}.Release|Any CPU.ActiveCfg = Release|Any CPU
		{7BE418C0-381A-D08D-A742-2894F67409CF}.Release|Any CPU.Build.0 = Release|Any CPU
		{51549807-7F9B-42B5-C317-6FEC687EE6A5}.Debug|Any CPU.ActiveCfg = Debug|Any CPU
		{51549807-7F9B-42B5-C317-6FEC687EE6A5}.Debug|Any CPU.Build.0 = Debug|Any CPU
		{51549807-7F9B-42B5-C317-6FEC687EE6A5}.Release|Any CPU.ActiveCfg = Release|Any CPU
		{51549807-7F9B-42B5-C317-6FEC687EE6A5}.Release|Any CPU.Build.0 = Release|Any CPU
		{9C74BE64-AFF9-66D0-2E9D-BC2C68BE3DC2}.Debug|Any CPU.ActiveCfg = Debug|Any CPU
		{9C74BE64-AFF9-66D0-2E9D-BC2C68BE3DC2}.Debug|Any CPU.Build.0 = Debug|Any CPU
		{9C74BE64-AFF9-66D0-2E9D-BC2C68BE3DC2}.Release|Any CPU.ActiveCfg = Release|Any CPU
		{9C74BE64-AFF9-66D0-2E9D-BC2C68BE3DC2}.Release|Any CPU.Build.0 = Release|Any CPU
		{CC15706B-5789-D8D8-85AD-DF7B57983CAC}.Debug|Any CPU.ActiveCfg = Debug|Any CPU
		{CC15706B-5789-D8D8-85AD-DF7B57983CAC}.Debug|Any CPU.Build.0 = Debug|Any CPU
		{CC15706B-5789-D8D8-85AD-DF7B57983CAC}.Release|Any CPU.ActiveCfg = Release|Any CPU
		{CC15706B-5789-D8D8-85AD-DF7B57983CAC}.Release|Any CPU.Build.0 = Release|Any CPU
		{8D5EA1FC-A780-829E-F04D-7027D02284B9}.Debug|Any CPU.ActiveCfg = Debug|Any CPU
		{8D5EA1FC-A780-829E-F04D-7027D02284B9}.Debug|Any CPU.Build.0 = Debug|Any CPU
		{8D5EA1FC-A780-829E-F04D-7027D02284B9}.Release|Any CPU.ActiveCfg = Release|Any CPU
		{8D5EA1FC-A780-829E-F04D-7027D02284B9}.Release|Any CPU.Build.0 = Release|Any CPU
		{FA3E9046-FE77-E593-5133-6D8D1CC74591}.Debug|Any CPU.ActiveCfg = Debug|Any CPU
		{FA3E9046-FE77-E593-5133-6D8D1CC74591}.Debug|Any CPU.Build.0 = Debug|Any CPU
		{FA3E9046-FE77-E593-5133-6D8D1CC74591}.Release|Any CPU.ActiveCfg = Release|Any CPU
		{FA3E9046-FE77-E593-5133-6D8D1CC74591}.Release|Any CPU.Build.0 = Release|Any CPU
		{21C129D6-88F5-556F-CEE9-1FEA21FD9A16}.Debug|Any CPU.ActiveCfg = Debug|Any CPU
		{21C129D6-88F5-556F-CEE9-1FEA21FD9A16}.Debug|Any CPU.Build.0 = Debug|Any CPU
		{21C129D6-88F5-556F-CEE9-1FEA21FD9A16}.Release|Any CPU.ActiveCfg = Release|Any CPU
		{21C129D6-88F5-556F-CEE9-1FEA21FD9A16}.Release|Any CPU.Build.0 = Release|Any CPU
		{DA28C1D8-8ACE-BB3E-7C5F-0EDDF20560AE}.Debug|Any CPU.ActiveCfg = Debug|Any CPU
		{DA28C1D8-8ACE-BB3E-7C5F-0EDDF20560AE}.Debug|Any CPU.Build.0 = Debug|Any CPU
		{DA28C1D8-8ACE-BB3E-7C5F-0EDDF20560AE}.Release|Any CPU.ActiveCfg = Release|Any CPU
		{DA28C1D8-8ACE-BB3E-7C5F-0EDDF20560AE}.Release|Any CPU.Build.0 = Release|Any CPU
		{5E4686C7-6FB5-E6BB-21C3-C3F03BB60487}.Debug|Any CPU.ActiveCfg = Debug|Any CPU
		{5E4686C7-6FB5-E6BB-21C3-C3F03BB60487}.Debug|Any CPU.Build.0 = Debug|Any CPU
		{5E4686C7-6FB5-E6BB-21C3-C3F03BB60487}.Release|Any CPU.ActiveCfg = Release|Any CPU
		{5E4686C7-6FB5-E6BB-21C3-C3F03BB60487}.Release|Any CPU.Build.0 = Release|Any CPU
		{7394FD4F-F6A4-D26C-3EE8-06D9479A3D84}.Debug|Any CPU.ActiveCfg = Debug|Any CPU
		{7394FD4F-F6A4-D26C-3EE8-06D9479A3D84}.Debug|Any CPU.Build.0 = Debug|Any CPU
		{7394FD4F-F6A4-D26C-3EE8-06D9479A3D84}.Release|Any CPU.ActiveCfg = Release|Any CPU
		{7394FD4F-F6A4-D26C-3EE8-06D9479A3D84}.Release|Any CPU.Build.0 = Release|Any CPU
		{67F31525-59A6-E876-1166-B865157E57C3}.Debug|Any CPU.ActiveCfg = Debug|Any CPU
		{67F31525-59A6-E876-1166-B865157E57C3}.Debug|Any CPU.Build.0 = Debug|Any CPU
		{67F31525-59A6-E876-1166-B865157E57C3}.Release|Any CPU.ActiveCfg = Release|Any CPU
		{67F31525-59A6-E876-1166-B865157E57C3}.Release|Any CPU.Build.0 = Release|Any CPU
		{FC9E5B86-A142-FA43-BC8E-0FE06E14EC7E}.Debug|Any CPU.ActiveCfg = Debug|Any CPU
		{FC9E5B86-A142-FA43-BC8E-0FE06E14EC7E}.Debug|Any CPU.Build.0 = Debug|Any CPU
		{FC9E5B86-A142-FA43-BC8E-0FE06E14EC7E}.Release|Any CPU.ActiveCfg = Release|Any CPU
		{FC9E5B86-A142-FA43-BC8E-0FE06E14EC7E}.Release|Any CPU.Build.0 = Release|Any CPU
		{CE3E151C-2525-4A75-7ECC-69104290DE82}.Debug|Any CPU.ActiveCfg = Debug|Any CPU
		{CE3E151C-2525-4A75-7ECC-69104290DE82}.Debug|Any CPU.Build.0 = Debug|Any CPU
		{CE3E151C-2525-4A75-7ECC-69104290DE82}.Release|Any CPU.ActiveCfg = Release|Any CPU
		{CE3E151C-2525-4A75-7ECC-69104290DE82}.Release|Any CPU.Build.0 = Release|Any CPU
		{E29871AA-D216-616B-1BD4-98E62D063C9D}.Debug|Any CPU.ActiveCfg = Debug|Any CPU
		{E29871AA-D216-616B-1BD4-98E62D063C9D}.Debug|Any CPU.Build.0 = Debug|Any CPU
		{E29871AA-D216-616B-1BD4-98E62D063C9D}.Release|Any CPU.ActiveCfg = Release|Any CPU
		{E29871AA-D216-616B-1BD4-98E62D063C9D}.Release|Any CPU.Build.0 = Release|Any CPU
		{54FC6C82-CD19-1726-752B-1E77D95853CE}.Debug|Any CPU.ActiveCfg = Debug|Any CPU
		{54FC6C82-CD19-1726-752B-1E77D95853CE}.Debug|Any CPU.Build.0 = Debug|Any CPU
		{54FC6C82-CD19-1726-752B-1E77D95853CE}.Release|Any CPU.ActiveCfg = Release|Any CPU
		{54FC6C82-CD19-1726-752B-1E77D95853CE}.Release|Any CPU.Build.0 = Release|Any CPU
		{4BAB03D6-6D3F-0C3F-394D-FB32D37703F3}.Debug|Any CPU.ActiveCfg = Debug|Any CPU
		{4BAB03D6-6D3F-0C3F-394D-FB32D37703F3}.Debug|Any CPU.Build.0 = Debug|Any CPU
		{4BAB03D6-6D3F-0C3F-394D-FB32D37703F3}.Release|Any CPU.ActiveCfg = Release|Any CPU
		{4BAB03D6-6D3F-0C3F-394D-FB32D37703F3}.Release|Any CPU.Build.0 = Release|Any CPU
		{05BA64CA-87AE-1DE0-2D17-2F4C9ECB93E8}.Debug|Any CPU.ActiveCfg = Debug|Any CPU
		{05BA64CA-87AE-1DE0-2D17-2F4C9ECB93E8}.Debug|Any CPU.Build.0 = Debug|Any CPU
		{05BA64CA-87AE-1DE0-2D17-2F4C9ECB93E8}.Release|Any CPU.ActiveCfg = Release|Any CPU
		{05BA64CA-87AE-1DE0-2D17-2F4C9ECB93E8}.Release|Any CPU.Build.0 = Release|Any CPU
		{8F1E5233-9C8E-F5B2-2700-2AB1F3C8D7B3}.Debug|Any CPU.ActiveCfg = Debug|Any CPU
		{8F1E5233-9C8E-F5B2-2700-2AB1F3C8D7B3}.Debug|Any CPU.Build.0 = Debug|Any CPU
		{8F1E5233-9C8E-F5B2-2700-2AB1F3C8D7B3}.Release|Any CPU.ActiveCfg = Release|Any CPU
		{8F1E5233-9C8E-F5B2-2700-2AB1F3C8D7B3}.Release|Any CPU.Build.0 = Release|Any CPU
		{FDA005F6-24BE-55E0-F599-C40836D760B5}.Debug|Any CPU.ActiveCfg = Debug|Any CPU
		{FDA005F6-24BE-55E0-F599-C40836D760B5}.Debug|Any CPU.Build.0 = Debug|Any CPU
		{FDA005F6-24BE-55E0-F599-C40836D760B5}.Release|Any CPU.ActiveCfg = Release|Any CPU
		{FDA005F6-24BE-55E0-F599-C40836D760B5}.Release|Any CPU.Build.0 = Release|Any CPU
		{EF3B49B5-48ED-1585-87C2-D7BF8B85DC96}.Debug|Any CPU.ActiveCfg = Debug|Any CPU
		{EF3B49B5-48ED-1585-87C2-D7BF8B85DC96}.Debug|Any CPU.Build.0 = Debug|Any CPU
		{EF3B49B5-48ED-1585-87C2-D7BF8B85DC96}.Release|Any CPU.ActiveCfg = Release|Any CPU
		{EF3B49B5-48ED-1585-87C2-D7BF8B85DC96}.Release|Any CPU.Build.0 = Release|Any CPU
		{E7B3D014-3C00-4010-89C6-24FF6FFDA676}.Debug|Any CPU.ActiveCfg = Debug|Any CPU
		{E7B3D014-3C00-4010-89C6-24FF6FFDA676}.Debug|Any CPU.Build.0 = Debug|Any CPU
		{E7B3D014-3C00-4010-89C6-24FF6FFDA676}.Release|Any CPU.ActiveCfg = Release|Any CPU
		{E7B3D014-3C00-4010-89C6-24FF6FFDA676}.Release|Any CPU.Build.0 = Release|Any CPU
		{CC19B604-7FD1-93C1-74D4-CB3A7B776E54}.Debug|Any CPU.ActiveCfg = Debug|Any CPU
		{CC19B604-7FD1-93C1-74D4-CB3A7B776E54}.Debug|Any CPU.Build.0 = Debug|Any CPU
		{CC19B604-7FD1-93C1-74D4-CB3A7B776E54}.Release|Any CPU.ActiveCfg = Release|Any CPU
		{CC19B604-7FD1-93C1-74D4-CB3A7B776E54}.Release|Any CPU.Build.0 = Release|Any CPU
		{A17F050E-41AD-198B-BBC0-11911625CA79}.Debug|Any CPU.ActiveCfg = Debug|Any CPU
		{A17F050E-41AD-198B-BBC0-11911625CA79}.Debug|Any CPU.Build.0 = Debug|Any CPU
		{A17F050E-41AD-198B-BBC0-11911625CA79}.Release|Any CPU.ActiveCfg = Release|Any CPU
		{A17F050E-41AD-198B-BBC0-11911625CA79}.Release|Any CPU.Build.0 = Release|Any CPU
		{49BD24D5-0A83-3E01-EACB-8238DD637220}.Debug|Any CPU.ActiveCfg = Debug|Any CPU
		{49BD24D5-0A83-3E01-EACB-8238DD637220}.Debug|Any CPU.Build.0 = Debug|Any CPU
		{49BD24D5-0A83-3E01-EACB-8238DD637220}.Release|Any CPU.ActiveCfg = Release|Any CPU
		{49BD24D5-0A83-3E01-EACB-8238DD637220}.Release|Any CPU.Build.0 = Release|Any CPU
		{F9991003-EB4F-12AD-ACB2-1A35AFC562E6}.Debug|Any CPU.ActiveCfg = Debug|Any CPU
		{F9991003-EB4F-12AD-ACB2-1A35AFC562E6}.Debug|Any CPU.Build.0 = Debug|Any CPU
		{F9991003-EB4F-12AD-ACB2-1A35AFC562E6}.Release|Any CPU.ActiveCfg = Release|Any CPU
		{F9991003-EB4F-12AD-ACB2-1A35AFC562E6}.Release|Any CPU.Build.0 = Release|Any CPU
		{1EDE4284-CED0-17B0-EBD1-D6E5B12D85DC}.Debug|Any CPU.ActiveCfg = Debug|Any CPU
		{1EDE4284-CED0-17B0-EBD1-D6E5B12D85DC}.Debug|Any CPU.Build.0 = Debug|Any CPU
		{1EDE4284-CED0-17B0-EBD1-D6E5B12D85DC}.Release|Any CPU.ActiveCfg = Release|Any CPU
		{1EDE4284-CED0-17B0-EBD1-D6E5B12D85DC}.Release|Any CPU.Build.0 = Release|Any CPU
		{76B4D63C-878A-5F22-BA97-878CD5C1E73E}.Debug|Any CPU.ActiveCfg = Debug|Any CPU
		{76B4D63C-878A-5F22-BA97-878CD5C1E73E}.Debug|Any CPU.Build.0 = Debug|Any CPU
		{76B4D63C-878A-5F22-BA97-878CD5C1E73E}.Release|Any CPU.ActiveCfg = Release|Any CPU
		{76B4D63C-878A-5F22-BA97-878CD5C1E73E}.Release|Any CPU.Build.0 = Release|Any CPU
		{DD4A74F4-9AE4-31DA-01D0-FA8E59D32D17}.Debug|Any CPU.ActiveCfg = Debug|Any CPU
		{DD4A74F4-9AE4-31DA-01D0-FA8E59D32D17}.Debug|Any CPU.Build.0 = Debug|Any CPU
		{DD4A74F4-9AE4-31DA-01D0-FA8E59D32D17}.Release|Any CPU.ActiveCfg = Release|Any CPU
		{DD4A74F4-9AE4-31DA-01D0-FA8E59D32D17}.Release|Any CPU.Build.0 = Release|Any CPU
	EndGlobalSection
	GlobalSection(SolutionProperties) = preSolution
		HideSolutionNode = FALSE
	EndGlobalSection
EndGlobal
